
Microsoft Visual Studio Solution File, Format Version 12.00
# Visual Studio 2013
VisualStudioVersion = 12.0.30723.0
MinimumVisualStudioVersion = 10.0.40219.1
Project("{FAE04EC0-301F-11D3-BF4B-00C04F79EFBC}") = "MicZDem.MdSpa.WebUI", "MicZDem.MdSpa.WebUI\MicZDem.MdSpa.WebUI.csproj", "{0CCDD1B4-E41E-4560-AC0D-13B924AB6702}"
EndProject
Project("{FAE04EC0-301F-11D3-BF4B-00C04F79EFBC}") = "MicZDem.MdSpa.WebUI.Unit.Tests", "MicZDem.MdSpa.WebUI.Unit.Tests\MicZDem.MdSpa.WebUI.Unit.Tests.csproj", "{FBA203A0-C8FB-447C-A13E-775232AFDE76}"
EndProject
Project("{FAE04EC0-301F-11D3-BF4B-00C04F79EFBC}") = "MicZDem.MdSpa.SqlData", "MicZDem.MdSpa.SQLData\MicZDem.MdSpa.SqlData.csproj", "{7F568DA2-979C-478A-A134-0F1516D4FEF8}"
EndProject
Project("{FAE04EC0-301F-11D3-BF4B-00C04F79EFBC}") = "MicZDem.MdSpa.Domain", "MicZDem.MdSpa.Domain\MicZDem.MdSpa.Domain.csproj", "{A26F3D47-4A72-4B6E-844B-4D41C99F4EA9}"
EndProject
Project("{FAE04EC0-301F-11D3-BF4B-00C04F79EFBC}") = "MicZDem.MdSpa.Business", "MicZDem.MdSpa.Business\MicZDem.MdSpa.Business.csproj", "{59BF9E31-5E58-4D2A-95F5-D8E891E86C01}"
EndProject
Global
	GlobalSection(SolutionConfigurationPlatforms) = preSolution
		Debug|Any CPU = Debug|Any CPU
		Release|Any CPU = Release|Any CPU
	EndGlobalSection
	GlobalSection(ProjectConfigurationPlatforms) = postSolution
		{0CCDD1B4-E41E-4560-AC0D-13B924AB6702}.Debug|Any CPU.ActiveCfg = Debug|Any CPU
		{0CCDD1B4-E41E-4560-AC0D-13B924AB6702}.Debug|Any CPU.Build.0 = Debug|Any CPU
		{0CCDD1B4-E41E-4560-AC0D-13B924AB6702}.Release|Any CPU.ActiveCfg = Release|Any CPU
		{0CCDD1B4-E41E-4560-AC0D-13B924AB6702}.Release|Any CPU.Build.0 = Release|Any CPU
		{FBA203A0-C8FB-447C-A13E-775232AFDE76}.Debug|Any CPU.ActiveCfg = Debug|Any CPU
		{FBA203A0-C8FB-447C-A13E-775232AFDE76}.Debug|Any CPU.Build.0 = Debug|Any CPU
		{FBA203A0-C8FB-447C-A13E-775232AFDE76}.Release|Any CPU.ActiveCfg = Release|Any CPU
		{FBA203A0-C8FB-447C-A13E-775232AFDE76}.Release|Any CPU.Build.0 = Release|Any CPU
		{7F568DA2-979C-478A-A134-0F1516D4FEF8}.Debug|Any CPU.ActiveCfg = Debug|Any CPU
		{7F568DA2-979C-478A-A134-0F1516D4FEF8}.Debug|Any CPU.Build.0 = Debug|Any CPU
		{7F568DA2-979C-478A-A134-0F1516D4FEF8}.Release|Any CPU.ActiveCfg = Release|Any CPU
		{7F568DA2-979C-478A-A134-0F1516D4FEF8}.Release|Any CPU.Build.0 = Release|Any CPU
		{A26F3D47-4A72-4B6E-844B-4D41C99F4EA9}.Debug|Any CPU.ActiveCfg = Debug|Any CPU
		{A26F3D47-4A72-4B6E-844B-4D41C99F4EA9}.Debug|Any CPU.Build.0 = Debug|Any CPU
		{A26F3D47-4A72-4B6E-844B-4D41C99F4EA9}.Release|Any CPU.ActiveCfg = Release|Any CPU
		{A26F3D47-4A72-4B6E-844B-4D41C99F4EA9}.Release|Any CPU.Build.0 = Release|Any CPU
		{59BF9E31-5E58-4D2A-95F5-D8E891E86C01}.Debug|Any CPU.ActiveCfg = Debug|Any CPU
		{59BF9E31-5E58-4D2A-95F5-D8E891E86C01}.Debug|Any CPU.Build.0 = Debug|Any CPU
		{59BF9E31-5E58-4D2A-95F5-D8E891E86C01}.Release|Any CPU.ActiveCfg = Release|Any CPU
		{59BF9E31-5E58-4D2A-95F5-D8E891E86C01}.Release|Any CPU.Build.0 = Release|Any CPU
	EndGlobalSection
	GlobalSection(SolutionProperties) = preSolution
		HideSolutionNode = FALSE
	EndGlobalSection
EndGlobal
